# This file is automatically @generated by Cargo.
# It is not intended for manual editing.
[[package]]
name = "rust-test"
version = "0.1.0"
dependencies = [
 "vg",
]

[[package]]
name = "rust-wasm"
version = "0.1.0"

[[package]]
name = "vg"
version = "0.1.0"
dependencies = [
 "vg-native",
]

[[package]]
name = "vg-native"
version = "0.1.0"
dependencies = [
 "rust-wasm",
]
